
Microsoft Visual Studio Solution File, Format Version 12.00
# Visual Studio 14
VisualStudioVersion = 14.0.25420.1
MinimumVisualStudioVersion = 10.0.40219.1
Project("{FAE04EC0-301F-11D3-BF4B-00C04F79EFBC}") = "Services", "Services\Services.csproj", "{47601F32-7410-41A2-AD18-5135166F6605}"
EndProject
Project("{FAE04EC0-301F-11D3-BF4B-00C04F79EFBC}") = "Services.Test", "Services.Test\Services.Test.csproj", "{F35B1E69-4BBA-4CAC-B029-AA88D50668E6}"
EndProject
Project("{FAE04EC0-301F-11D3-BF4B-00C04F79EFBC}") = "Services.Common", "Services.Common\Services.Common.csproj", "{0972084D-580E-47D9-8D38-13A0A87605AB}"
EndProject
Global
	GlobalSection(SolutionConfigurationPlatforms) = preSolution
		Debug|Any CPU = Debug|Any CPU
		Release|Any CPU = Release|Any CPU
	EndGlobalSection
	GlobalSection(ProjectConfigurationPlatforms) = postSolution
		{47601F32-7410-41A2-AD18-5135166F6605}.Debug|Any CPU.ActiveCfg = Debug|Any CPU
		{47601F32-7410-41A2-AD18-5135166F6605}.Debug|Any CPU.Build.0 = Debug|Any CPU
		{47601F32-7410-41A2-AD18-5135166F6605}.Release|Any CPU.ActiveCfg = Release|Any CPU
		{47601F32-7410-41A2-AD18-5135166F6605}.Release|Any CPU.Build.0 = Release|Any CPU
		{F35B1E69-4BBA-4CAC-B029-AA88D50668E6}.Debug|Any CPU.ActiveCfg = Debug|Any CPU
		{F35B1E69-4BBA-4CAC-B029-AA88D50668E6}.Debug|Any CPU.Build.0 = Debug|Any CPU
		{F35B1E69-4BBA-4CAC-B029-AA88D50668E6}.Release|Any CPU.ActiveCfg = Release|Any CPU
		{F35B1E69-4BBA-4CAC-B029-AA88D50668E6}.Release|Any CPU.Build.0 = Release|Any CPU
		{0972084D-580E-47D9-8D38-13A0A87605AB}.Debug|Any CPU.ActiveCfg = Debug|Any CPU
		{0972084D-580E-47D9-8D38-13A0A87605AB}.Debug|Any CPU.Build.0 = Debug|Any CPU
		{0972084D-580E-47D9-8D38-13A0A87605AB}.Release|Any CPU.ActiveCfg = Release|Any CPU
		{0972084D-580E-47D9-8D38-13A0A87605AB}.Release|Any CPU.Build.0 = Release|Any CPU
	EndGlobalSection
	GlobalSection(SolutionProperties) = preSolution
		HideSolutionNode = FALSE
	EndGlobalSection
EndGlobal
